{
  "name": "medanki-dz-backend",
  "version": "0.1.0",
  "lockfileVersion": 3,
  "requires": true,
  "packages": {
    "": {
      "name": "medanki-dz-backend",
      "version": "0.1.0",
      "dependencies": {
        "@nestjs/common": "^10.4.0",
        "@nestjs/config": "^3.2.0",
        "@nestjs/core": "^10.4.0",
        "@nestjs/jwt": "^10.2.0",
        "@nestjs/platform-express": "^10.4.0",
        "@nestjs/swagger": "^7.4.0",
        "@nestjs/throttler": "^6.2.1",
        "@sentry/node": "^8.34.0",
        "argon2": "^0.41.1",
        "class-transformer": "^0.5.1",
        "class-validator": "^0.14.1",
        "drizzle-orm": "^0.36.0",
        "helmet": "^8.0.0",
        "nestjs-pino": "^4.1.0",
        "pg": "^8.13.0",
        "pino-http": "^10.3.0",
        "pino-pretty": "^11.2.2",
        "reflect-metadata": "^0.2.2",
        "rxjs": "^7.8.1",
        "ts-fsrs": "4.7.1",
        "uuid": "^11.0.0",
        "zod": "^3.23.8",
        "ioredis": "^5.4.1",
        "jose": "^5.9.6"
      },
      "devDependencies": {
        "@nestjs/cli": "^10.4.0",
        "@nestjs/schematics": "^10.2.0",
        "@nestjs/testing": "^10.4.0",
        "@types/express": "^5.0.0",
        "@types/node": "^22.7.0",
        "@types/pg": "^8.11.10",
        "@types/supertest": "^6.0.2",
        "@typescript-eslint/eslint-plugin": "^8.8.0",
        "@typescript-eslint/parser": "^8.8.0",
        "drizzle-kit": "^0.28.0",
        "eslint": "^9.12.0",
        "prettier": "^3.3.3",
        "supertest": "^7.0.0",
        "tsx": "^4.19.1",
        "typescript": "^5.6.2",
        "vitest": "^2.1.1"
      },
      "engines": {
        "node": ">=20.0.0"
      }
    },
    "node_modules/@nestjs/common": {
      "version": "10.4.0",
      "resolved": "https://registry.npmjs.org/@nestjs/common/-/@nestjs/common-10.4.0.tgz",
      "integrity": "sha512-ad4a01205dbccccd9990cd9f375bc2dbb9c229947ac82cb13580e9e0c2eb43083e5ad43611f149932b0995=="
    },
    "node_modules/@nestjs/config": {
      "version": "3.2.0",
      "resolved": "https://registry.npmjs.org/@nestjs/config/-/@nestjs/config-3.2.0.tgz",
      "integrity": "sha512-3563b81fa199d65b8d7784e17190e180040ffb8e9f0795bb77236f32554aed7d7d6b337b1d68c37fa190b7=="
    },
    "node_modules/@nestjs/core": {
      "version": "10.4.0",
      "resolved": "https://registry.npmjs.org/@nestjs/core/-/@nestjs/core-10.4.0.tgz",
      "integrity": "sha512-480fc0e170657e1a4738d120029f8d249ae1145c57b2b420a62c599ee0f93edaae758b146d15e908fc6219=="
    },
    "node_modules/@nestjs/jwt": {
      "version": "10.2.0",
      "resolved": "https://registry.npmjs.org/@nestjs/jwt/-/@nestjs/jwt-10.2.0.tgz",
      "integrity": "sha512-dd6ea8e3330e29de3ea660aa11018686750b716315682804715d1f628c4c551714a49f742bad1059cc262b=="
    },
    "node_modules/@nestjs/platform-express": {
      "version": "10.4.0",
      "resolved": "https://registry.npmjs.org/@nestjs/platform-express/-/@nestjs/platform-express-10.4.0.tgz",
      "integrity": "sha512-c131753921451b5fda3f3b299c95f64dea623a7cddaf1b33b539ac29a069956acc1fb9b1f7f7ff05e30f2a=="
    },
    "node_modules/@nestjs/swagger": {
      "version": "7.4.0",
      "resolved": "https://registry.npmjs.org/@nestjs/swagger/-/@nestjs/swagger-7.4.0.tgz",
      "integrity": "sha512-e33de54c5b0b0c817f4855d1e0dbe9fc3483b95b5d35ad88f079868bb0cc44b9da513ee3eec6dfb5770215=="
    },
    "node_modules/@nestjs/throttler": {
      "version": "6.2.1",
      "resolved": "https://registry.npmjs.org/@nestjs/throttler/-/@nestjs/throttler-6.2.1.tgz",
      "integrity": "sha512-fc3cdc3ccc36ab6eb582d438a5bd60a72135ef880e53e5e90e311ef9301536df143d20af73cae453575e9b=="
    },
    "node_modules/@sentry/node": {
      "version": "8.34.0",
      "resolved": "https://registry.npmjs.org/@sentry/node/-/@sentry/node-8.34.0.tgz",
      "integrity": "sha512-abe5c7be1eb33a9b38a675a57cbc4aff36f57df2ad469a0fe6e85f68ee54ad18eb1f623d91b2848dc3d439=="
    },
    "node_modules/argon2": {
      "version": "0.41.1",
      "resolved": "https://registry.npmjs.org/argon2/-/argon2-0.41.1.tgz",
      "integrity": "sha512-45921fc26b81115ba6285c5f942811a61c591a45cbc24dc881cd8fbf73c0d39c832ee9215d3bb48f0e9467=="
    },
    "node_modules/class-transformer": {
      "version": "0.5.1",
      "resolved": "https://registry.npmjs.org/class-transformer/-/class-transformer-0.5.1.tgz",
      "integrity": "sha512-4a29cdd1a07c09a83a718bafd359149383fb7b14cc9897da753b154e61a5af39a82af5f60311cea62bf857=="
    },
    "node_modules/class-validator": {
      "version": "0.14.1",
      "resolved": "https://registry.npmjs.org/class-validator/-/class-validator-0.14.1.tgz",
      "integrity": "sha512-bac266adde2b15dd554b314f22fb09ced72fac3e2eb47ec0f68e32d4e7e93194f21c70daa956cd66e1b00f=="
    },
    "node_modules/drizzle-orm": {
      "version": "0.36.0",
      "resolved": "https://registry.npmjs.org/drizzle-orm/-/drizzle-orm-0.36.0.tgz",
      "integrity": "sha512-794650dce698e3f24ca996f5c7572f6ef828d992a5fbdddfb0853c2c9e566fff02a311870a9110ef508e85=="
    },
    "node_modules/helmet": {
      "version": "8.0.0",
      "resolved": "https://registry.npmjs.org/helmet/-/helmet-8.0.0.tgz",
      "integrity": "sha512-5d4d23a0b18e813358727cdeb09eae457a2f3d7e28e09e1ed0bf95db7b805dc86b08e652326b12b7fbd26f=="
    },
    "node_modules/nestjs-pino": {
      "version": "4.1.0",
      "resolved": "https://registry.npmjs.org/nestjs-pino/-/nestjs-pino-4.1.0.tgz",
      "integrity": "sha512-2818cc40cc8c1de75c98bac062a4d4c2a25259d93687d70716eda00ed58adf7c98ad27f23b2d4699ad1f08=="
    },
    "node_modules/pg": {
      "version": "8.13.0",
      "resolved": "https://registry.npmjs.org/pg/-/pg-8.13.0.tgz",
      "integrity": "sha512-bcb9aaefb1bf52ba72436e7a660db5c40c3276aee35a30e05e1f325f5bfa7b32116a3af78b0d1a62fb0a9c=="
    },
    "node_modules/pino-http": {
      "version": "10.3.0",
      "resolved": "https://registry.npmjs.org/pino-http/-/pino-http-10.3.0.tgz",
      "integrity": "sha512-e728481a567bdbd7f0a1fa497a83a1bdeafd484db1ff9b3168a28d73838a21f544705baddf1a1414916e11=="
    },
    "node_modules/pino-pretty": {
      "version": "11.2.2",
      "resolved": "https://registry.npmjs.org/pino-pretty/-/pino-pretty-11.2.2.tgz",
      "integrity": "sha512-2ed761f7e06462b1c404fb0a97237afbda318a30d901e03d16ffa1f172d110139448b202d355fe2472d9b1=="
    },
    "node_modules/reflect-metadata": {
      "version": "0.2.2",
      "resolved": "https://registry.npmjs.org/reflect-metadata/-/reflect-metadata-0.2.2.tgz",
      "integrity": "sha512-9105930a398a50b474e5422be57bd0485a35af0d9a698e18c887f013c482ce7b215ac2c99f0f23b2887d40=="
    },
    "node_modules/rxjs": {
      "version": "7.8.1",
      "resolved": "https://registry.npmjs.org/rxjs/-/rxjs-7.8.1.tgz",
      "integrity": "sha512-824cbc41cf044027710b43da8baa14ba7740fe76f4bf730cd7db31f95ed9b5e113617613713211106fa886=="
    },
    "node_modules/ts-fsrs": {
      "version": "4.7.1",
      "resolved": "https://registry.npmjs.org/ts-fsrs/-/ts-fsrs-4.7.1.tgz",
      "integrity": "sha512-93120c19c093ce063920e563285ce1d82c54d3d36fb9e6dc5bec7bae0589e7b55b3af5e19e8ac5fa91c19e=="
    },
    "node_modules/uuid": {
      "version": "11.0.0",
      "resolved": "https://registry.npmjs.org/uuid/-/uuid-11.0.0.tgz",
      "integrity": "sha512-854dc4b90012dec7123cabbc49a298d7e2e91ca00fb0f15f54f6c950bf6ef3e9afd8106ad2be2fd363749a=="
    },
    "node_modules/zod": {
      "version": "3.23.8",
      "resolved": "https://registry.npmjs.org/zod/-/zod-3.23.8.tgz",
      "integrity": "sha512-d3672f1730f5bd79986000f08fe15f5cac2ad00556e4b61d6a9ca303d0f7161d275bc87eaece25b3e9e53b=="
    },
    "node_modules/ioredis": {
      "version": "5.4.1",
      "resolved": "https://registry.npmjs.org/ioredis/-/ioredis-5.4.1.tgz",
      "integrity": "sha512-0b33223e13b8fa01fb83a928bdc31a44894971625660009902f766dacc9fa7a4f2b415993f8b16ea7ba14b=="
    },
    "node_modules/jose": {
      "version": "5.9.6",
      "resolved": "https://registry.npmjs.org/jose/-/jose-5.9.6.tgz",
      "integrity": "sha512-b8d72f5884c0577790ef41b79766af4b4a081056270bcaed68729d5710f1133d248539fe902d5a286b6f4a=="
    },
    "node_modules/@nestjs/cli": {
      "version": "10.4.0",
      "resolved": "https://registry.npmjs.org/@nestjs/cli/-/@nestjs/cli-10.4.0.tgz",
      "integrity": "sha512-4c1a1bf6520c48288bf28bf05a8b6c49cdc5fb2295e0287aaf69ed8af2e2462f845ccb8c664f4b87c89390=="
    },
    "node_modules/@nestjs/schematics": {
      "version": "10.2.0",
      "resolved": "https://registry.npmjs.org/@nestjs/schematics/-/@nestjs/schematics-10.2.0.tgz",
      "integrity": "sha512-f03d6d26e635a2628c60704bab8ff4a10bda329e117c0623b844bf60bbc1d25b273dbaf261751fcf5831e8=="
    },
    "node_modules/@nestjs/testing": {
      "version": "10.4.0",
      "resolved": "https://registry.npmjs.org/@nestjs/testing/-/@nestjs/testing-10.4.0.tgz",
      "integrity": "sha512-ff0dd24ac10b89b4ad6722df2c023316a6ab7e56ef6f023473bc5eefe8aac3f2fd19ea6e4499275aa862c9=="
    },
    "node_modules/@types/express": {
      "version": "5.0.0",
      "resolved": "https://registry.npmjs.org/@types/express/-/@types/express-5.0.0.tgz",
      "integrity": "sha512-5398a46710ada22a796be344c5905b57c04838349fb98fe8292e4a71dc41ccdf3d891fa835eba54ec83516=="
    },
    "node_modules/@types/node": {
      "version": "22.7.0",
      "resolved": "https://registry.npmjs.org/@types/node/-/@types/node-22.7.0.tgz",
      "integrity": "sha512-68435f5f026e5dcecf5fac4ffba1557ad1584f892ef09ee33e935d436c10e41768c99fd93c40aee942fad2=="
    },
    "node_modules/@types/pg": {
      "version": "8.11.10",
      "resolved": "https://registry.npmjs.org/@types/pg/-/@types/pg-8.11.10.tgz",
      "integrity": "sha512-2e1eb72b3009b4ea6b586382af7acc779c2cdec63102042771109a47956523f9c6ed74dde8f1e4e8426e44=="
    },
    "node_modules/@types/supertest": {
      "version": "6.0.2",
      "resolved": "https://registry.npmjs.org/@types/supertest/-/@types/supertest-6.0.2.tgz",
      "integrity": "sha512-11a379e90a441bc70fcda0142ac99a951a04bc0f33c652440881e1f3a8b0f5cdb374b7cce6ccd5a6decb13=="
    },
    "node_modules/@typescript-eslint/eslint-plugin": {
      "version": "8.8.0",
      "resolved": "https://registry.npmjs.org/@typescript-eslint/eslint-plugin/-/@typescript-eslint/eslint-plugin-8.8.0.tgz",
      "integrity": "sha512-fb0c794e06cc45c931177168a7aa4a62e977512b15384c239ca8898fd411bdd539b58770b7e30a79f48939=="
    },
    "node_modules/@typescript-eslint/parser": {
      "version": "8.8.0",
      "resolved": "https://registry.npmjs.org/@typescript-eslint/parser/-/@typescript-eslint/parser-8.8.0.tgz",
      "integrity": "sha512-b226a84f2ff924e780427b0018e5b2afd99a699756013c1caab8cec24f9aaa1d5357bae597fc126e162422=="
    },
    "node_modules/drizzle-kit": {
      "version": "0.28.0",
      "resolved": "https://registry.npmjs.org/drizzle-kit/-/drizzle-kit-0.28.0.tgz",
      "integrity": "sha512-64a57abfa0b2dc90cfb11c705f2a16dda791fd24066491085bbebc869f0c83d1b46e1619aace77ed2fe0c8=="
    },
    "node_modules/eslint": {
      "version": "9.12.0",
      "resolved": "https://registry.npmjs.org/eslint/-/eslint-9.12.0.tgz",
      "integrity": "sha512-f18677b7d7f420f32dd2a23c460fb4d8d0c25562056f634ac58d4327d4c246ba1558886681759c7f4634b6=="
    },
    "node_modules/prettier": {
      "version": "3.3.3",
      "resolved": "https://registry.npmjs.org/prettier/-/prettier-3.3.3.tgz",
      "integrity": "sha512-37640f0e8ac6b04cafc2429d19357605676f353a4956501bdf52292718bda20f8c12ddb73a9e38bc5b1f06=="
    },
    "node_modules/supertest": {
      "version": "7.0.0",
      "resolved": "https://registry.npmjs.org/supertest/-/supertest-7.0.0.tgz",
      "integrity": "sha512-58c60a7b85288d3035c121b8cefa217d65e95d530d9707d447b763a678c3d0f5017ba375fb3b3bf1dcb639=="
    },
    "node_modules/tsx": {
      "version": "4.19.1",
      "resolved": "https://registry.npmjs.org/tsx/-/tsx-4.19.1.tgz",
      "integrity": "sha512-e1f80929be69db52af707ccebd48b626adc92f2bdd8371b3eb60778f4ba34b623ed5a523129235cf7ab2e9=="
    },
    "node_modules/typescript": {
      "version": "5.6.2",
      "resolved": "https://registry.npmjs.org/typescript/-/typescript-5.6.2.tgz",
      "integrity": "sha512-86d94b01348baaee5c3b8aa0e113d5c38caca5dc5223ec4b15702c0275623447591a8bc935c8e8c0c0c919=="
    },
    "node_modules/vitest": {
      "version": "2.1.1",
      "resolved": "https://registry.npmjs.org/vitest/-/vitest-2.1.1.tgz",
      "integrity": "sha512-dd2f9e8d3d8a6ff8defcc80f59647781ce9403e4690141d27d636d3266190f45110ce31e2a511133625a60=="
    }
  }
}
