{
  "name": "medanki-dz-cms",
  "version": "0.1.0",
  "lockfileVersion": 3,
  "requires": true,
  "packages": {
    "": {
      "name": "medanki-dz-cms",
      "version": "0.1.0",
      "dependencies": {
        "next": "^14.2.15",
        "react": "^18.3.1",
        "react-dom": "^18.3.1",
        "@radix-ui/react-dialog": "^1.1.2",
        "@radix-ui/react-select": "^2.1.2",
        "@radix-ui/react-tabs": "^1.1.1",
        "@radix-ui/react-toast": "^1.2.2",
        "@tiptap/react": "^2.8.0",
        "@tiptap/pm": "^2.8.0",
        "@tiptap/starter-kit": "^2.8.0",
        "@tiptap/extension-link": "^2.8.0",
        "@tiptap/extension-placeholder": "^2.8.0",
        "class-variance-authority": "^0.7.0",
        "clsx": "^2.1.1",
        "lucide-react": "^0.453.0",
        "tailwind-merge": "^2.5.4",
        "zod": "^3.23.8",
        "date-fns": "^3.6.0"
      },
      "devDependencies": {
        "@types/node": "^22.7.0",
        "@types/react": "^18.3.11",
        "@types/react-dom": "^18.3.0",
        "autoprefixer": "^10.4.20",
        "postcss": "^8.4.47",
        "tailwindcss": "^3.4.14",
        "typescript": "^5.6.2"
      },
      "engines": {}
    },
    "node_modules/next": {
      "version": "14.2.15",
      "resolved": "https://registry.npmjs.org/next/-/next-14.2.15.tgz",
      "integrity": "sha512-a640b36593020820bf25e1905783fbb469b4b58c61a42eaf1a5eafa207412277fbbd7c07796c8f36bf0b91=="
    },
    "node_modules/react": {
      "version": "18.3.1",
      "resolved": "https://registry.npmjs.org/react/-/react-18.3.1.tgz",
      "integrity": "sha512-dbed5ddf5d86bff17491adcbf966a7c67bcf43ddfe9be8f61cb396939e2bcd693f9403f129c8a6695482fa=="
    },
    "node_modules/react-dom": {
      "version": "18.3.1",
      "resolved": "https://registry.npmjs.org/react-dom/-/react-dom-18.3.1.tgz",
      "integrity": "sha512-60cdbf965d8c3bec286473464359aefbee83fa00d3e83484fe720f1e8c2cb9daf8c7916031abe2c2f2534d=="
    },
    "node_modules/@radix-ui/react-dialog": {
      "version": "1.1.2",
      "resolved": "https://registry.npmjs.org/@radix-ui/react-dialog/-/@radix-ui/react-dialog-1.1.2.tgz",
      "integrity": "sha512-68c35d5708660beccb791cde449cd9cb338cf574bc117dd46be6c1eaacaa5498b20c11759a21f26d79974a=="
    },
    "node_modules/@radix-ui/react-select": {
      "version": "2.1.2",
      "resolved": "https://registry.npmjs.org/@radix-ui/react-select/-/@radix-ui/react-select-2.1.2.tgz",
      "integrity": "sha512-23f9acb6ec61b7cde1b502b9b73764210de609bd1989bc4418048e1ec2f5ba7a8ae6f008b83bd349c12642=="
    },
    "node_modules/@radix-ui/react-tabs": {
      "version": "1.1.1",
      "resolved": "https://registry.npmjs.org/@radix-ui/react-tabs/-/@radix-ui/react-tabs-1.1.1.tgz",
      "integrity": "sha512-683bfdbfae6425f9ea6e9351d29424aebb534fcdea294dd387287875866e930dabe5c45dd22c5a19456bee=="
    },
    "node_modules/@radix-ui/react-toast": {
      "version": "1.2.2",
      "resolved": "https://registry.npmjs.org/@radix-ui/react-toast/-/@radix-ui/react-toast-1.2.2.tgz",
      "integrity": "sha512-98a40250e12592732deed3f42cf33c2b62c070e8dc0f6d02799557f08377d12f20648b1ff2e6e359ac2a14=="
    },
    "node_modules/@tiptap/react": {
      "version": "2.8.0",
      "resolved": "https://registry.npmjs.org/@tiptap/react/-/@tiptap/react-2.8.0.tgz",
      "integrity": "sha512-150629c0a530a5a67f9b66057cefa6b5e8f10f9fa85e549f79b5d2f1fd74434409e84679123c8e86f5f984=="
    },
    "node_modules/@tiptap/pm": {
      "version": "2.8.0",
      "resolved": "https://registry.npmjs.org/@tiptap/pm/-/@tiptap/pm-2.8.0.tgz",
      "integrity": "sha512-3a19f8eb7569f952a99d91a76bbf9638fd3a341afd3665409771e9725acfc7db9d87da05f54723c930caf9=="
    },
    "node_modules/@tiptap/starter-kit": {
      "version": "2.8.0",
      "resolved": "https://registry.npmjs.org/@tiptap/starter-kit/-/@tiptap/starter-kit-2.8.0.tgz",
      "integrity": "sha512-4f8add731a27f0ded8b7ac3036b5d103b76431a8c9d6e1dd4fd602e48e2a6abb225a9633c2801b2f455c61=="
    },
    "node_modules/@tiptap/extension-link": {
      "version": "2.8.0",
      "resolved": "https://registry.npmjs.org/@tiptap/extension-link/-/@tiptap/extension-link-2.8.0.tgz",
      "integrity": "sha512-198d3d4b9a92194965f1fca7d9e1708a9acef87baacf2e4c1ecfa60322b852904e30bb426f66656584314f=="
    },
    "node_modules/@tiptap/extension-placeholder": {
      "version": "2.8.0",
      "resolved": "https://registry.npmjs.org/@tiptap/extension-placeholder/-/@tiptap/extension-placeholder-2.8.0.tgz",
      "integrity": "sha512-04dfb926fdb50913ffac96c27c1a078a4e4f7d12e4d694f13a34abd26c9fdfaadc0eeb9d3eb45165e202f9=="
    },
    "node_modules/class-variance-authority": {
      "version": "0.7.0",
      "resolved": "https://registry.npmjs.org/class-variance-authority/-/class-variance-authority-0.7.0.tgz",
      "integrity": "sha512-6e9d9a8250ce86ca8497ad3a617f00c15a2843c4e966293e9c3ed578646405a40c1338777c90c50e457c20=="
    },
    "node_modules/clsx": {
      "version": "2.1.1",
      "resolved": "https://registry.npmjs.org/clsx/-/clsx-2.1.1.tgz",
      "integrity": "sha512-1f71bb8816b79bcd60cd136b107672933722c806f6b3e0933b28b28b5882df106ff87c3e7360c373eb6d9c=="
    },
    "node_modules/lucide-react": {
      "version": "0.453.0",
      "resolved": "https://registry.npmjs.org/lucide-react/-/lucide-react-0.453.0.tgz",
      "integrity": "sha512-2643c7cb78098f37c0d1730a72bac89a384b80d59f9ab9d2f10ffa0e12c341096b7cb709e10ea882b3348c=="
    },
    "node_modules/tailwind-merge": {
      "version": "2.5.4",
      "resolved": "https://registry.npmjs.org/tailwind-merge/-/tailwind-merge-2.5.4.tgz",
      "integrity": "sha512-d7b96f331a437181ed2ef445eeb7eb8376b27c4f5726b5f56839da1759358a5f1c5da752c21709f2a559de=="
    },
    "node_modules/zod": {
      "version": "3.23.8",
      "resolved": "https://registry.npmjs.org/zod/-/zod-3.23.8.tgz",
      "integrity": "sha512-d3672f1730f5bd79986000f08fe15f5cac2ad00556e4b61d6a9ca303d0f7161d275bc87eaece25b3e9e53b=="
    },
    "node_modules/date-fns": {
      "version": "3.6.0",
      "resolved": "https://registry.npmjs.org/date-fns/-/date-fns-3.6.0.tgz",
      "integrity": "sha512-9491a200ecb4b46bffb46bb7c97e6f9ac98669e5abc4dce7227f8482d51a56c3251aa9da9bd20673b8b179=="
    },
    "node_modules/@types/node": {
      "version": "22.7.0",
      "resolved": "https://registry.npmjs.org/@types/node/-/@types/node-22.7.0.tgz",
      "integrity": "sha512-68435f5f026e5dcecf5fac4ffba1557ad1584f892ef09ee33e935d436c10e41768c99fd93c40aee942fad2=="
    },
    "node_modules/@types/react": {
      "version": "18.3.11",
      "resolved": "https://registry.npmjs.org/@types/react/-/@types/react-18.3.11.tgz",
      "integrity": "sha512-ac5571446ec14071a636caba890fcb2702a473b7194e6ccff810fa33aaf37c8a31846a8bee8e5fbcfebaf7=="
    },
    "node_modules/@types/react-dom": {
      "version": "18.3.0",
      "resolved": "https://registry.npmjs.org/@types/react-dom/-/@types/react-dom-18.3.0.tgz",
      "integrity": "sha512-20642b3f4622e0d3198b092ca004f2a40f1cb3d96027b56d32366e0d7227880671846401fcb5da2f7772cd=="
    },
    "node_modules/autoprefixer": {
      "version": "10.4.20",
      "resolved": "https://registry.npmjs.org/autoprefixer/-/autoprefixer-10.4.20.tgz",
      "integrity": "sha512-c0c09393757381e3b35ffc35b1a4ee31030e58022172bcbf7e4146c744d6d8f9d87e50e737ad7d0f8c825e=="
    },
    "node_modules/postcss": {
      "version": "8.4.47",
      "resolved": "https://registry.npmjs.org/postcss/-/postcss-8.4.47.tgz",
      "integrity": "sha512-40da7ec455e5a8c0ebaaaeea3bcda19e24eb3b037029ef617598a4bb5b6424c9f8a4db6a7e96d54ea1fdd6=="
    },
    "node_modules/tailwindcss": {
      "version": "3.4.14",
      "resolved": "https://registry.npmjs.org/tailwindcss/-/tailwindcss-3.4.14.tgz",
      "integrity": "sha512-91a1c83d33d7229c98a8ae089f330779c34537c27d0a54f6f00afa3f793d30a4483e7e7bfcd12ea5b5359d=="
    },
    "node_modules/typescript": {
      "version": "5.6.2",
      "resolved": "https://registry.npmjs.org/typescript/-/typescript-5.6.2.tgz",
      "integrity": "sha512-86d94b01348baaee5c3b8aa0e113d5c38caca5dc5223ec4b15702c0275623447591a8bc935c8e8c0c0c919=="
    }
  }
}
