{
  "name": "package",
  "version": "0.0.0",
  "lockfileVersion": 3,
  "requires": true,
  "packages": {
    "": {
      "name": "package",
      "version": "0.0.0",
      "dependencies": {
        "ts-fsrs": "^4.7.1"
      },
      "devDependencies": {},
      "engines": {}
    },
    "node_modules/ts-fsrs": {
      "version": "4.7.1",
      "resolved": "https://registry.npmjs.org/ts-fsrs/-/ts-fsrs-4.7.1.tgz",
      "integrity": "sha512-93120c19c093ce063920e563285ce1d82c54d3d36fb9e6dc5bec7bae0589e7b55b3af5e19e8ac5fa91c19e=="
    }
  }
}
